
Microsoft Visual Studio Solution File, Format Version 12.00
# Visual Studio Version 17
VisualStudioVersion = 17.7.34221.43
MinimumVisualStudioVersion = 10.0.40219.1
Project("{FAE04EC0-301F-11D3-BF4B-00C04F79EFBC}") = "ASE_Programming_Language", "ASE_Programming_Language.csproj", "{C61ADCFC-9942-4E07-9835-3F4675928E2C}"
EndProject
Project("{9A19103F-16F7-4668-BE54-9A1E7A4F7556}") = "ASE_Programming_LanguageTests1", "..\ASE_Programming_LanguageTests1\ASE_Programming_LanguageTests1.csproj", "{1A72DBCC-5DAA-4CC3-A2DD-ED3B0D590A99}"
EndProject
Global
	GlobalSection(SolutionConfigurationPlatforms) = preSolution
		Debug|Any CPU = Debug|Any CPU
		Release|Any CPU = Release|Any CPU
	EndGlobalSection
	GlobalSection(ProjectConfigurationPlatforms) = postSolution
		{C61ADCFC-9942-4E07-9835-3F4675928E2C}.Debug|Any CPU.ActiveCfg = Debug|Any CPU
		{C61ADCFC-9942-4E07-9835-3F4675928E2C}.Debug|Any CPU.Build.0 = Debug|Any CPU
		{C61ADCFC-9942-4E07-9835-3F4675928E2C}.Release|Any CPU.ActiveCfg = Release|Any CPU
		{C61ADCFC-9942-4E07-9835-3F4675928E2C}.Release|Any CPU.Build.0 = Release|Any CPU
		{1A72DBCC-5DAA-4CC3-A2DD-ED3B0D590A99}.Debug|Any CPU.ActiveCfg = Debug|Any CPU
		{1A72DBCC-5DAA-4CC3-A2DD-ED3B0D590A99}.Debug|Any CPU.Build.0 = Debug|Any CPU
		{1A72DBCC-5DAA-4CC3-A2DD-ED3B0D590A99}.Release|Any CPU.ActiveCfg = Release|Any CPU
		{1A72DBCC-5DAA-4CC3-A2DD-ED3B0D590A99}.Release|Any CPU.Build.0 = Release|Any CPU
	EndGlobalSection
	GlobalSection(SolutionProperties) = preSolution
		HideSolutionNode = FALSE
	EndGlobalSection
	GlobalSection(ExtensibilityGlobals) = postSolution
		SolutionGuid = {C4BF7886-A746-4053-80D9-FF20640380A5}
	EndGlobalSection
EndGlobal
